
Microsoft Visual Studio Solution File, Format Version 12.00
# Visual Studio 15
VisualStudioVersion = 15.0.27130.2036
MinimumVisualStudioVersion = 10.0.40219.1
Project("{8BC9CEB8-8B4A-11D0-8D11-00A0C91BC942}") = "myGraph", "myGraph\myGraph.vcxproj", "{2AEC8AB1-CEDB-4870-AF28-FEC912AA4DAD}"
EndProject
Global
	GlobalSection(SolutionConfigurationPlatforms) = preSolution
		Debug|x64 = Debug|x64
		Debug|x86 = Debug|x86
		Release|x64 = Release|x64
		Release|x86 = Release|x86
	EndGlobalSection
	GlobalSection(ProjectConfigurationPlatforms) = postSolution
		{2AEC8AB1-CEDB-4870-AF28-FEC912AA4DAD}.Debug|x64.ActiveCfg = Debug|x64
		{2AEC8AB1-CEDB-4870-AF28-FEC912AA4DAD}.Debug|x64.Build.0 = Debug|x64
		{2AEC8AB1-CEDB-4870-AF28-FEC912AA4DAD}.Debug|x86.ActiveCfg = Debug|Win32
		{2AEC8AB1-CEDB-4870-AF28-FEC912AA4DAD}.Debug|x86.Build.0 = Debug|Win32
		{2AEC8AB1-CEDB-4870-AF28-FEC912AA4DAD}.Release|x64.ActiveCfg = Release|x64
		{2AEC8AB1-CEDB-4870-AF28-FEC912AA4DAD}.Release|x64.Build.0 = Release|x64
		{2AEC8AB1-CEDB-4870-AF28-FEC912AA4DAD}.Release|x86.ActiveCfg = Release|Win32
		{2AEC8AB1-CEDB-4870-AF28-FEC912AA4DAD}.Release|x86.Build.0 = Release|Win32
	EndGlobalSection
	GlobalSection(SolutionProperties) = preSolution
		HideSolutionNode = FALSE
	EndGlobalSection
	GlobalSection(ExtensibilityGlobals) = postSolution
		SolutionGuid = {D28D9472-C749-4DAA-9EDF-5A56F281C0CA}
	EndGlobalSection
EndGlobal
