
Microsoft Visual Studio Solution File, Format Version 12.00
# Visual Studio 15
VisualStudioVersion = 15.0.27428.2037
MinimumVisualStudioVersion = 10.0.40219.1
Project("{8BC9CEB8-8B4A-11D0-8D11-00A0C91BC942}") = "MyMergeSort", "MyMergeSort\MyMergeSort.vcxproj", "{3495F46C-8231-429D-B318-DC357DB0FB15}"
EndProject
Global
	GlobalSection(SolutionConfigurationPlatforms) = preSolution
		Debug|x64 = Debug|x64
		Debug|x86 = Debug|x86
		Release|x64 = Release|x64
		Release|x86 = Release|x86
	EndGlobalSection
	GlobalSection(ProjectConfigurationPlatforms) = postSolution
		{3495F46C-8231-429D-B318-DC357DB0FB15}.Debug|x64.ActiveCfg = Debug|x64
		{3495F46C-8231-429D-B318-DC357DB0FB15}.Debug|x64.Build.0 = Debug|x64
		{3495F46C-8231-429D-B318-DC357DB0FB15}.Debug|x86.ActiveCfg = Debug|Win32
		{3495F46C-8231-429D-B318-DC357DB0FB15}.Debug|x86.Build.0 = Debug|Win32
		{3495F46C-8231-429D-B318-DC357DB0FB15}.Release|x64.ActiveCfg = Release|x64
		{3495F46C-8231-429D-B318-DC357DB0FB15}.Release|x64.Build.0 = Release|x64
		{3495F46C-8231-429D-B318-DC357DB0FB15}.Release|x86.ActiveCfg = Release|Win32
		{3495F46C-8231-429D-B318-DC357DB0FB15}.Release|x86.Build.0 = Release|Win32
	EndGlobalSection
	GlobalSection(SolutionProperties) = preSolution
		HideSolutionNode = FALSE
	EndGlobalSection
	GlobalSection(ExtensibilityGlobals) = postSolution
		SolutionGuid = {26320F1D-7F77-4CDF-9B64-7BB22432E1F9}
	EndGlobalSection
EndGlobal
